// !$*UTF8*$!
{
	archiveVersion = 1;
	classes = {
	};
	objectVersion = 46;
	objects = {

/* Begin PBXBuildFile section */
		6D1659541E0669210032395D /* UIColor+Utility.swift in Sources */ = {isa = PBXBuildFile; fileRef = 6D1659531E0669210032395D /* UIColor+Utility.swift */; };
		6D1659561E0669600032395D /* Date+Utility.swift in Sources */ = {isa = PBXBuildFile; fileRef = 6D1659551E0669600032395D /* Date+Utility.swift */; };
		6D1659581E066A330032395D /* String+Validation.swift in Sources */ = {isa = PBXBuildFile; fileRef = 6D1659571E066A330032395D /* String+Validation.swift */; };
		6D61B8911E02D90E00BC1722 /* AppDelegate.swift in Sources */ = {isa = PBXBuildFile; fileRef = 6D61B8901E02D90E00BC1722 /* AppDelegate.swift */; };
		6D61B8931E02D90E00BC1722 /* ViewController.swift in Sources */ = {isa = PBXBuildFile; fileRef = 6D61B8921E02D90E00BC1722 /* ViewController.swift */; };
		6D61B8961E02D90E00BC1722 /* Main.storyboard in Resources */ = {isa = PBXBuildFile; fileRef = 6D61B8941E02D90E00BC1722 /* Main.storyboard */; };
		6D61B8981E02D90E00BC1722 /* Assets.xcassets in Resources */ = {isa = PBXBuildFile; fileRef = 6D61B8971E02D90E00BC1722 /* Assets.xcassets */; };
		6D61B89B1E02D90E00BC1722 /* LaunchScreen.storyboard in Resources */ = {isa = PBXBuildFile; fileRef = 6D61B8991E02D90E00BC1722 /* LaunchScreen.storyboard */; };
		6D61B8C81E02E27100BC1722 /* Helper.swift in Sources */ = {isa = PBXBuildFile; fileRef = 6D61B8C71E02E27100BC1722 /* Helper.swift */; };
		6DCB37091E05567F001C29FD /* Utilities.swift in Sources */ = {isa = PBXBuildFile; fileRef = 6DCB37081E05567F001C29FD /* Utilities.swift */; };
		6DCB370B1E0559D7001C29FD /* UIAlertController+Utility.swift in Sources */ = {isa = PBXBuildFile; fileRef = 6DCB370A1E0559D7001C29FD /* UIAlertController+Utility.swift */; };
		6DCB370D1E055A49001C29FD /* UIExtensions.swift in Sources */ = {isa = PBXBuildFile; fileRef = 6DCB370C1E055A49001C29FD /* UIExtensions.swift */; };
		6DCB370F1E055A69001C29FD /* NSObject+Utility.swift in Sources */ = {isa = PBXBuildFile; fileRef = 6DCB370E1E055A69001C29FD /* NSObject+Utility.swift */; };
/* End PBXBuildFile section */

/* Begin PBXFileReference section */
		6D1659531E0669210032395D /* UIColor+Utility.swift */ = {isa = PBXFileReference; fileEncoding = 4; lastKnownFileType = sourcecode.swift; path = "UIColor+Utility.swift"; sourceTree = "<group>"; };
		6D1659551E0669600032395D /* Date+Utility.swift */ = {isa = PBXFileReference; fileEncoding = 4; lastKnownFileType = sourcecode.swift; path = "Date+Utility.swift"; sourceTree = "<group>"; };
		6D1659571E066A330032395D /* String+Validation.swift */ = {isa = PBXFileReference; fileEncoding = 4; lastKnownFileType = sourcecode.swift; path = "String+Validation.swift"; sourceTree = "<group>"; };
		6D61B88D1E02D90E00BC1722 /* FLUtilities-Examples.app */ = {isa = PBXFileReference; explicitFileType = wrapper.application; includeInIndex = 0; path = "FLUtilities-Examples.app"; sourceTree = BUILT_PRODUCTS_DIR; };
		6D61B8901E02D90E00BC1722 /* AppDelegate.swift */ = {isa = PBXFileReference; lastKnownFileType = sourcecode.swift; path = AppDelegate.swift; sourceTree = "<group>"; };
		6D61B8921E02D90E00BC1722 /* ViewController.swift */ = {isa = PBXFileReference; lastKnownFileType = sourcecode.swift; path = ViewController.swift; sourceTree = "<group>"; };
		6D61B8951E02D90E00BC1722 /* Base */ = {isa = PBXFileReference; lastKnownFileType = file.storyboard; name = Base; path = Base.lproj/Main.storyboard; sourceTree = "<group>"; };
		6D61B8971E02D90E00BC1722 /* Assets.xcassets */ = {isa = PBXFileReference; lastKnownFileType = folder.assetcatalog; path = Assets.xcassets; sourceTree = "<group>"; };
		6D61B89A1E02D90E00BC1722 /* Base */ = {isa = PBXFileReference; lastKnownFileType = file.storyboard; name = Base; path = Base.lproj/LaunchScreen.storyboard; sourceTree = "<group>"; };
		6D61B89C1E02D90E00BC1722 /* Info.plist */ = {isa = PBXFileReference; lastKnownFileType = text.plist.xml; path = Info.plist; sourceTree = "<group>"; };
		6D61B8C71E02E27100BC1722 /* Helper.swift */ = {isa = PBXFileReference; fileEncoding = 4; lastKnownFileType = sourcecode.swift; path = Helper.swift; sourceTree = "<group>"; };
		6DCB37081E05567F001C29FD /* Utilities.swift */ = {isa = PBXFileReference; fileEncoding = 4; lastKnownFileType = sourcecode.swift; path = Utilities.swift; sourceTree = "<group>"; };
		6DCB370A1E0559D7001C29FD /* UIAlertController+Utility.swift */ = {isa = PBXFileReference; fileEncoding = 4; lastKnownFileType = sourcecode.swift; path = "UIAlertController+Utility.swift"; sourceTree = "<group>"; };
		6DCB370C1E055A49001C29FD /* UIExtensions.swift */ = {isa = PBXFileReference; fileEncoding = 4; lastKnownFileType = sourcecode.swift; path = UIExtensions.swift; sourceTree = "<group>"; };
		6DCB370E1E055A69001C29FD /* NSObject+Utility.swift */ = {isa = PBXFileReference; fileEncoding = 4; lastKnownFileType = sourcecode.swift; path = "NSObject+Utility.swift"; sourceTree = "<group>"; };
/* End PBXFileReference section */

/* Begin PBXFrameworksBuildPhase section */
		6D61B88A1E02D90E00BC1722 /* Frameworks */ = {
			isa = PBXFrameworksBuildPhase;
			buildActionMask = 2147483647;
			files = (
			);
			runOnlyForDeploymentPostprocessing = 0;
		};
/* End PBXFrameworksBuildPhase section */

/* Begin PBXGroup section */
		6D61B8841E02D90E00BC1722 = {
			isa = PBXGroup;
			children = (
				6D61B8C51E02E27100BC1722 /* Source */,
				6D61B88F1E02D90E00BC1722 /* FLUtilities-Examples */,
				6D61B88E1E02D90E00BC1722 /* Products */,
			);
			sourceTree = "<group>";
		};
		6D61B88E1E02D90E00BC1722 /* Products */ = {
			isa = PBXGroup;
			children = (
				6D61B88D1E02D90E00BC1722 /* FLUtilities-Examples.app */,
			);
			name = Products;
			sourceTree = "<group>";
		};
		6D61B88F1E02D90E00BC1722 /* FLUtilities-Examples */ = {
			isa = PBXGroup;
			children = (
				6D61B8901E02D90E00BC1722 /* AppDelegate.swift */,
				6D61B8921E02D90E00BC1722 /* ViewController.swift */,
				6D61B8941E02D90E00BC1722 /* Main.storyboard */,
				6D61B8971E02D90E00BC1722 /* Assets.xcassets */,
				6D61B8991E02D90E00BC1722 /* LaunchScreen.storyboard */,
				6D61B89C1E02D90E00BC1722 /* Info.plist */,
			);
			path = "FLUtilities-Examples";
			sourceTree = "<group>";
		};
		6D61B8C51E02E27100BC1722 /* Source */ = {
			isa = PBXGroup;
			children = (
				6D61B8C61E02E27100BC1722 /* Classes */,
			);
			name = Source;
			path = ../Source;
			sourceTree = "<group>";
		};
		6D61B8C61E02E27100BC1722 /* Classes */ = {
			isa = PBXGroup;
			children = (
				6D61B8C71E02E27100BC1722 /* Helper.swift */,
				6DCB37081E05567F001C29FD /* Utilities.swift */,
				6DCB370A1E0559D7001C29FD /* UIAlertController+Utility.swift */,
				6DCB370C1E055A49001C29FD /* UIExtensions.swift */,
				6DCB370E1E055A69001C29FD /* NSObject+Utility.swift */,
				6D1659531E0669210032395D /* UIColor+Utility.swift */,
				6D1659551E0669600032395D /* Date+Utility.swift */,
				6D1659571E066A330032395D /* String+Validation.swift */,
			);
			path = Classes;
			sourceTree = "<group>";
		};
/* End PBXGroup section */

/* Begin PBXNativeTarget section */
		6D61B88C1E02D90E00BC1722 /* FLUtilities-Examples */ = {
			isa = PBXNativeTarget;
			buildConfigurationList = 6D61B89F1E02D90E00BC1722 /* Build configuration list for PBXNativeTarget "FLUtilities-Examples" */;
			buildPhases = (
				6D61B8891E02D90E00BC1722 /* Sources */,
				6D61B88A1E02D90E00BC1722 /* Frameworks */,
				6D61B88B1E02D90E00BC1722 /* Resources */,
			);
			buildRules = (
			);
			dependencies = (
			);
			name = "FLUtilities-Examples";
			productName = "FLUtilities-Examples";
			productReference = 6D61B88D1E02D90E00BC1722 /* FLUtilities-Examples.app */;
			productType = "com.apple.product-type.application";
		};
/* End PBXNativeTarget section */

/* Begin PBXProject section */
		6D61B8851E02D90E00BC1722 /* Project object */ = {
			isa = PBXProject;
			attributes = {
				LastSwiftUpdateCheck = 0800;
				LastUpgradeCheck = 0800;
				ORGANIZATIONNAME = Nickelfox;
				TargetAttributes = {
					6D61B88C1E02D90E00BC1722 = {
						CreatedOnToolsVersion = 8.0;
						DevelopmentTeam = NY45473NT8;
						ProvisioningStyle = Automatic;
					};
				};
			};
			buildConfigurationList = 6D61B8881E02D90E00BC1722 /* Build configuration list for PBXProject "FLUtilities-Examples" */;
			compatibilityVersion = "Xcode 3.2";
			developmentRegion = English;
			hasScannedForEncodings = 0;
			knownRegions = (
				en,
				Base,
			);
			mainGroup = 6D61B8841E02D90E00BC1722;
			productRefGroup = 6D61B88E1E02D90E00BC1722 /* Products */;
			projectDirPath = "";
			projectRoot = "";
			targets = (
				6D61B88C1E02D90E00BC1722 /* FLUtilities-Examples */,
			);
		};
/* End PBXProject section */

/* Begin PBXResourcesBuildPhase section */
		6D61B88B1E02D90E00BC1722 /* Resources */ = {
			isa = PBXResourcesBuildPhase;
			buildActionMask = 2147483647;
			files = (
				6D61B89B1E02D90E00BC1722 /* LaunchScreen.storyboard in Resources */,
				6D61B8981E02D90E00BC1722 /* Assets.xcassets in Resources */,
				6D61B8961E02D90E00BC1722 /* Main.storyboard in Resources */,
			);
			runOnlyForDeploymentPostprocessing = 0;
		};
/* End PBXResourcesBuildPhase section */

/* Begin PBXSourcesBuildPhase section */
		6D61B8891E02D90E00BC1722 /* Sources */ = {
			isa = PBXSourcesBuildPhase;
			buildActionMask = 2147483647;
			files = (
				6D1659561E0669600032395D /* Date+Utility.swift in Sources */,
				6D1659581E066A330032395D /* String+Validation.swift in Sources */,
				6D61B8931E02D90E00BC1722 /* ViewController.swift in Sources */,
				6DCB370B1E0559D7001C29FD /* UIAlertController+Utility.swift in Sources */,
				6DCB370F1E055A69001C29FD /* NSObject+Utility.swift in Sources */,
				6D61B8911E02D90E00BC1722 /* AppDelegate.swift in Sources */,
				6D1659541E0669210032395D /* UIColor+Utility.swift in Sources */,
				6DCB370D1E055A49001C29FD /* UIExtensions.swift in Sources */,
				6DCB37091E05567F001C29FD /* Utilities.swift in Sources */,
				6D61B8C81E02E27100BC1722 /* Helper.swift in Sources */,
			);
			runOnlyForDeploymentPostprocessing = 0;
		};
/* End PBXSourcesBuildPhase section */

/* Begin PBXVariantGroup section */
		6D61B8941E02D90E00BC1722 /* Main.storyboard */ = {
			isa = PBXVariantGroup;
			children = (
				6D61B8951E02D90E00BC1722 /* Base */,
			);
			name = Main.storyboard;
			sourceTree = "<group>";
		};
		6D61B8991E02D90E00BC1722 /* LaunchScreen.storyboard */ = {
			isa = PBXVariantGroup;
			children = (
				6D61B89A1E02D90E00BC1722 /* Base */,
			);
			name = LaunchScreen.storyboard;
			sourceTree = "<group>";
		};
/* End PBXVariantGroup section */

/* Begin XCBuildConfiguration section */
		6D61B89D1E02D90E00BC1722 /* Debug */ = {
			isa = XCBuildConfiguration;
			buildSettings = {
				ALWAYS_SEARCH_USER_PATHS = NO;
				CLANG_ANALYZER_NONNULL = YES;
				CLANG_CXX_LANGUAGE_STANDARD = "gnu++0x";
				CLANG_CXX_LIBRARY = "libc++";
				CLANG_ENABLE_MODULES = YES;
				CLANG_ENABLE_OBJC_ARC = YES;
				CLANG_WARN_BOOL_CONVERSION = YES;
				CLANG_WARN_CONSTANT_CONVERSION = YES;
				CLANG_WARN_DIRECT_OBJC_ISA_USAGE = YES_ERROR;
				CLANG_WARN_DOCUMENTATION_COMMENTS = YES;
				CLANG_WARN_EMPTY_BODY = YES;
				CLANG_WARN_ENUM_CONVERSION = YES;
				CLANG_WARN_INFINITE_RECURSION = YES;
				CLANG_WARN_INT_CONVERSION = YES;
				CLANG_WARN_OBJC_ROOT_CLASS = YES_ERROR;
				CLANG_WARN_SUSPICIOUS_MOVES = YES;
				CLANG_WARN_UNREACHABLE_CODE = YES;
				CLANG_WARN__DUPLICATE_METHOD_MATCH = YES;
				"CODE_SIGN_IDENTITY[sdk=iphoneos*]" = "iPhone Developer";
				COPY_PHASE_STRIP = NO;
				DEBUG_INFORMATION_FORMAT = dwarf;
				ENABLE_STRICT_OBJC_MSGSEND = YES;
				ENABLE_TESTABILITY = YES;
				GCC_C_LANGUAGE_STANDARD = gnu99;
				GCC_DYNAMIC_NO_PIC = NO;
				GCC_NO_COMMON_BLOCKS = YES;
				GCC_OPTIMIZATION_LEVEL = 0;
				GCC_PREPROCESSOR_DEFINITIONS = (
					"DEBUG=1",
					"$(inherited)",
				);
				GCC_WARN_64_TO_32_BIT_CONVERSION = YES;
				GCC_WARN_ABOUT_RETURN_TYPE = YES_ERROR;
				GCC_WARN_UNDECLARED_SELECTOR = YES;
				GCC_WARN_UNINITIALIZED_AUTOS = YES_AGGRESSIVE;
				GCC_WARN_UNUSED_FUNCTION = YES;
				GCC_WARN_UNUSED_VARIABLE = YES;
				IPHONEOS_DEPLOYMENT_TARGET = 10.0;
				MTL_ENABLE_DEBUG_INFO = YES;
				ONLY_ACTIVE_ARCH = YES;
				SDKROOT = iphoneos;
				SWIFT_ACTIVE_COMPILATION_CONDITIONS = DEBUG;
				SWIFT_OPTIMIZATION_LEVEL = "-Onone";
				TARGETED_DEVICE_FAMILY = "1,2";
			};
			name = Debug;
		};
		6D61B89E1E02D90E00BC1722 /* Release */ = {
			isa = XCBuildConfiguration;
			buildSettings = {
				ALWAYS_SEARCH_USER_PATHS = NO;
				CLANG_ANALYZER_NONNULL = YES;
				CLANG_CXX_LANGUAGE_STANDARD = "gnu++0x";
				CLANG_CXX_LIBRARY = "libc++";
				CLANG_ENABLE_MODULES = YES;
				CLANG_ENABLE_OBJC_ARC = YES;
				CLANG_WARN_BOOL_CONVERSION = YES;
				CLANG_WARN_CONSTANT_CONVERSION = YES;
				CLANG_WARN_DIRECT_OBJC_ISA_USAGE = YES_ERROR;
				CLANG_WARN_DOCUMENTATION_COMMENTS = YES;
				CLANG_WARN_EMPTY_BODY = YES;
				CLANG_WARN_ENUM_CONVERSION = YES;
				CLANG_WARN_INFINITE_RECURSION = YES;
				CLANG_WARN_INT_CONVERSION = YES;
				CLANG_WARN_OBJC_ROOT_CLASS = YES_ERROR;
				CLANG_WARN_SUSPICIOUS_MOVES = YES;
				CLANG_WARN_UNREACHABLE_CODE = YES;
				CLANG_WARN__DUPLICATE_METHOD_MATCH = YES;
				"CODE_SIGN_IDENTITY[sdk=iphoneos*]" = "iPhone Developer";
				COPY_PHASE_STRIP = NO;
				DEBUG_INFORMATION_FORMAT = "dwarf-with-dsym";
				ENABLE_NS_ASSERTIONS = NO;
				ENABLE_STRICT_OBJC_MSGSEND = YES;
				GCC_C_LANGUAGE_STANDARD = gnu99;
				GCC_NO_COMMON_BLOCKS = YES;
				GCC_WARN_64_TO_32_BIT_CONVERSION = YES;
				GCC_WARN_ABOUT_RETURN_TYPE = YES_ERROR;
				GCC_WARN_UNDECLARED_SELECTOR = YES;
				GCC_WARN_UNINITIALIZED_AUTOS = YES_AGGRESSIVE;
				GCC_WARN_UNUSED_FUNCTION = YES;
				GCC_WARN_UNUSED_VARIABLE = YES;
				IPHONEOS_DEPLOYMENT_TARGET = 10.0;
				MTL_ENABLE_DEBUG_INFO = NO;
				SDKROOT = iphoneos;
				SWIFT_OPTIMIZATION_LEVEL = "-Owholemodule";
				TARGETED_DEVICE_FAMILY = "1,2";
				VALIDATE_PRODUCT = YES;
			};
			name = Release;
		};
		6D61B8A01E02D90E00BC1722 /* Debug */ = {
			isa = XCBuildConfiguration;
			buildSettings = {
				ASSETCATALOG_COMPILER_APPICON_NAME = AppIcon;
				DEVELOPMENT_TEAM = NY45473NT8;
				INFOPLIST_FILE = "FLUtilities-Examples/Info.plist";
				LD_RUNPATH_SEARCH_PATHS = "$(inherited) @executable_path/Frameworks";
				PRODUCT_BUNDLE_IDENTIFIER = "com.nickelfox.tvOSApp.FLUtilities-Examples";
				PRODUCT_NAME = "$(TARGET_NAME)";
				SWIFT_VERSION = 3.0;
			};
			name = Debug;
		};
		6D61B8A11E02D90E00BC1722 /* Release */ = {
			isa = XCBuildConfiguration;
			buildSettings = {
				ASSETCATALOG_COMPILER_APPICON_NAME = AppIcon;
				DEVELOPMENT_TEAM = NY45473NT8;
				INFOPLIST_FILE = "FLUtilities-Examples/Info.plist";
				LD_RUNPATH_SEARCH_PATHS = "$(inherited) @executable_path/Frameworks";
				PRODUCT_BUNDLE_IDENTIFIER = "com.nickelfox.tvOSApp.FLUtilities-Examples";
				PRODUCT_NAME = "$(TARGET_NAME)";
				SWIFT_VERSION = 3.0;
			};
			name = Release;
		};
/* End XCBuildConfiguration section */

/* Begin XCConfigurationList section */
		6D61B8881E02D90E00BC1722 /* Build configuration list for PBXProject "FLUtilities-Examples" */ = {
			isa = XCConfigurationList;
			buildConfigurations = (
				6D61B89D1E02D90E00BC1722 /* Debug */,
				6D61B89E1E02D90E00BC1722 /* Release */,
			);
			defaultConfigurationIsVisible = 0;
			defaultConfigurationName = Release;
		};
		6D61B89F1E02D90E00BC1722 /* Build configuration list for PBXNativeTarget "FLUtilities-Examples" */ = {
			isa = XCConfigurationList;
			buildConfigurations = (
				6D61B8A01E02D90E00BC1722 /* Debug */,
				6D61B8A11E02D90E00BC1722 /* Release */,
			);
			defaultConfigurationIsVisible = 0;
			defaultConfigurationName = Release;
		};
/* End XCConfigurationList section */
	};
	rootObject = 6D61B8851E02D90E00BC1722 /* Project object */;
}
